PODS:
  - Flutter (1.0.0)
  - mindful_minutes (1.2.1):
    - Flutter

DEPENDENCIES:
  - Flutter (from `Flutter`)
  - mindful_minutes (from `.symlinks/plugins/mindful_minutes/ios`)

EXTERNAL SOURCES:
  Flutter:
    :path: Flutter
  mindful_minutes:
    :path: ".symlinks/plugins/mindful_minutes/ios"

SPEC CHECKSUMS:
  Flutter: f04841e97a9d0b0a8025694d0796dd46242b2854
  mindful_minutes: 11668b97f4282ea61713fdc2656ce80ca45d2ca7

PODFILE CHECKSUM: 4e8f8b2be68aeea4c0d5beb6ff1e79fface1d048

COCOAPODS: 1.12.1
