PODS:
  - Flutter (1.0.0)
  - mindful_minutes (1.2.4):
    - Flutter

DEPENDENCIES:
  - Flutter (from `Flutter`)
  - mindful_minutes (from `.symlinks/plugins/mindful_minutes/ios`)

EXTERNAL SOURCES:
  Flutter:
    :path: Flutter
  mindful_minutes:
    :path: ".symlinks/plugins/mindful_minutes/ios"

SPEC CHECKSUMS:
  Flutter: e0871f40cf51350855a761d2e70bf5af5b9b5de7
  mindful_minutes: ae2bc227696946728fff26436627d2764b212aa7

PODFILE CHECKSUM: 4e8f8b2be68aeea4c0d5beb6ff1e79fface1d048

COCOAPODS: 1.15.2
